// !$*UTF8*$!
{
	archiveVersion = 1;
	classes = {
	};
	objectVersion = 56;
	objects = {

/* Begin PBXBuildFile section */
		76638C2729C2F9C9002AA82C /* Ecommerce_AppApp.swift in Sources */ = {isa = PBXBuildFile; fileRef = 76638C2629C2F9C9002AA82C /* Ecommerce_AppApp.swift */; };
		76638C2929C2F9C9002AA82C /* ContentView.swift in Sources */ = {isa = PBXBuildFile; fileRef = 76638C2829C2F9C9002AA82C /* ContentView.swift */; };
		76638C2B29C2F9CB002AA82C /* Assets.xcassets in Resources */ = {isa = PBXBuildFile; fileRef = 76638C2A29C2F9CB002AA82C /* Assets.xcassets */; };
		76638C2E29C2F9CB002AA82C /* Preview Assets.xcassets in Resources */ = {isa = PBXBuildFile; fileRef = 76638C2D29C2F9CB002AA82C /* Preview Assets.xcassets */; };
		76638C4C29C301FE002AA82C /* Montserrat-Medium.ttf in Resources */ = {isa = PBXBuildFile; fileRef = 76638C3A29C301FD002AA82C /* Montserrat-Medium.ttf */; };
		76638C4D29C301FE002AA82C /* Montserrat-Light.ttf in Resources */ = {isa = PBXBuildFile; fileRef = 76638C3B29C301FD002AA82C /* Montserrat-Light.ttf */; };
		76638C5229C301FE002AA82C /* Montserrat-Regular.ttf in Resources */ = {isa = PBXBuildFile; fileRef = 76638C4029C301FE002AA82C /* Montserrat-Regular.ttf */; };
		76638C5629C301FE002AA82C /* Montserrat-Bold.ttf in Resources */ = {isa = PBXBuildFile; fileRef = 76638C4429C301FE002AA82C /* Montserrat-Bold.ttf */; };
		76638C5729C301FE002AA82C /* Montserrat-ExtraBold.ttf in Resources */ = {isa = PBXBuildFile; fileRef = 76638C4529C301FE002AA82C /* Montserrat-ExtraBold.ttf */; };
		76638C5829C301FE002AA82C /* Montserrat-ExtraLight.ttf in Resources */ = {isa = PBXBuildFile; fileRef = 76638C4629C301FE002AA82C /* Montserrat-ExtraLight.ttf */; };
		76638C5929C301FE002AA82C /* Montserrat-SemiBold.ttf in Resources */ = {isa = PBXBuildFile; fileRef = 76638C4729C301FE002AA82C /* Montserrat-SemiBold.ttf */; };
		76638C5E29C31395002AA82C /* Constant.swift in Sources */ = {isa = PBXBuildFile; fileRef = 76638C5D29C31395002AA82C /* Constant.swift */; };
		76638C6729C34862002AA82C /* LoginButtonView.swift in Sources */ = {isa = PBXBuildFile; fileRef = 76638C6629C34862002AA82C /* LoginButtonView.swift */; };
		76638C6929C34B72002AA82C /* PasswordLoginView.swift in Sources */ = {isa = PBXBuildFile; fileRef = 76638C6829C34B72002AA82C /* PasswordLoginView.swift */; };
		76638C6B29C34D36002AA82C /* UsernameLoginView.swift in Sources */ = {isa = PBXBuildFile; fileRef = 76638C6A29C34D36002AA82C /* UsernameLoginView.swift */; };
		76638C6D29C34DBF002AA82C /* LoginView.swift in Sources */ = {isa = PBXBuildFile; fileRef = 76638C6C29C34DBF002AA82C /* LoginView.swift */; };
		76638C6F29C35275002AA82C /* UsernameRegister.swift in Sources */ = {isa = PBXBuildFile; fileRef = 76638C6E29C35275002AA82C /* UsernameRegister.swift */; };
		76638C7129C3537D002AA82C /* EmailRegister.swift in Sources */ = {isa = PBXBuildFile; fileRef = 76638C7029C3537D002AA82C /* EmailRegister.swift */; };
		769E98F129C3574800A6DA4C /* RegisterView.swift in Sources */ = {isa = PBXBuildFile; fileRef = 769E98F029C3574800A6DA4C /* RegisterView.swift */; };
/* End PBXBuildFile section */

/* Begin PBXFileReference section */
		76638C2329C2F9C9002AA82C /* Ecommerce App.app */ = {isa = PBXFileReference; explicitFileType = wrapper.application; includeInIndex = 0; path = "Ecommerce App.app"; sourceTree = BUILT_PRODUCTS_DIR; };
		76638C2629C2F9C9002AA82C /* Ecommerce_AppApp.swift */ = {isa = PBXFileReference; lastKnownFileType = sourcecode.swift; path = Ecommerce_AppApp.swift; sourceTree = "<group>"; };
		76638C2829C2F9C9002AA82C /* ContentView.swift */ = {isa = PBXFileReference; lastKnownFileType = sourcecode.swift; path = ContentView.swift; sourceTree = "<group>"; };
		76638C2A29C2F9CB002AA82C /* Assets.xcassets */ = {isa = PBXFileReference; lastKnownFileType = folder.assetcatalog; path = Assets.xcassets; sourceTree = "<group>"; };
		76638C2D29C2F9CB002AA82C /* Preview Assets.xcassets */ = {isa = PBXFileReference; lastKnownFileType = folder.assetcatalog; path = "Preview Assets.xcassets"; sourceTree = "<group>"; };
		76638C3A29C301FD002AA82C /* Montserrat-Medium.ttf */ = {isa = PBXFileReference; lastKnownFileType = file; path = "Montserrat-Medium.ttf"; sourceTree = "<group>"; };
		76638C3B29C301FD002AA82C /* Montserrat-Light.ttf */ = {isa = PBXFileReference; lastKnownFileType = file; path = "Montserrat-Light.ttf"; sourceTree = "<group>"; };
		76638C4029C301FE002AA82C /* Montserrat-Regular.ttf */ = {isa = PBXFileReference; lastKnownFileType = file; path = "Montserrat-Regular.ttf"; sourceTree = "<group>"; };
		76638C4429C301FE002AA82C /* Montserrat-Bold.ttf */ = {isa = PBXFileReference; lastKnownFileType = file; path = "Montserrat-Bold.ttf"; sourceTree = "<group>"; };
		76638C4529C301FE002AA82C /* Montserrat-ExtraBold.ttf */ = {isa = PBXFileReference; lastKnownFileType = file; path = "Montserrat-ExtraBold.ttf"; sourceTree = "<group>"; };
		76638C4629C301FE002AA82C /* Montserrat-ExtraLight.ttf */ = {isa = PBXFileReference; lastKnownFileType = file; path = "Montserrat-ExtraLight.ttf"; sourceTree = "<group>"; };
		76638C4729C301FE002AA82C /* Montserrat-SemiBold.ttf */ = {isa = PBXFileReference; lastKnownFileType = file; path = "Montserrat-SemiBold.ttf"; sourceTree = "<group>"; };
		76638C5D29C31395002AA82C /* Constant.swift */ = {isa = PBXFileReference; lastKnownFileType = sourcecode.swift; path = Constant.swift; sourceTree = "<group>"; };
		76638C5F29C31C94002AA82C /* Ecommerce-App-Info.plist */ = {isa = PBXFileReference; lastKnownFileType = text.plist; path = "Ecommerce-App-Info.plist"; sourceTree = SOURCE_ROOT; };
		76638C6629C34862002AA82C /* LoginButtonView.swift */ = {isa = PBXFileReference; lastKnownFileType = sourcecode.swift; path = LoginButtonView.swift; sourceTree = "<group>"; };
		76638C6829C34B72002AA82C /* PasswordLoginView.swift */ = {isa = PBXFileReference; lastKnownFileType = sourcecode.swift; path = PasswordLoginView.swift; sourceTree = "<group>"; };
		76638C6A29C34D36002AA82C /* UsernameLoginView.swift */ = {isa = PBXFileReference; lastKnownFileType = sourcecode.swift; path = UsernameLoginView.swift; sourceTree = "<group>"; };
		76638C6C29C34DBF002AA82C /* LoginView.swift */ = {isa = PBXFileReference; lastKnownFileType = sourcecode.swift; path = LoginView.swift; sourceTree = "<group>"; };
		76638C6E29C35275002AA82C /* UsernameRegister.swift */ = {isa = PBXFileReference; lastKnownFileType = sourcecode.swift; path = UsernameRegister.swift; sourceTree = "<group>"; };
		76638C7029C3537D002AA82C /* EmailRegister.swift */ = {isa = PBXFileReference; lastKnownFileType = sourcecode.swift; path = EmailRegister.swift; sourceTree = "<group>"; };
		769E98F029C3574800A6DA4C /* RegisterView.swift */ = {isa = PBXFileReference; lastKnownFileType = sourcecode.swift; path = RegisterView.swift; sourceTree = "<group>"; };
/* End PBXFileReference section */

/* Begin PBXFrameworksBuildPhase section */
		76638C2029C2F9C9002AA82C /* Frameworks */ = {
			isa = PBXFrameworksBuildPhase;
			buildActionMask = 2147483647;
			files = (
			);
			runOnlyForDeploymentPostprocessing = 0;
		};
/* End PBXFrameworksBuildPhase section */

/* Begin PBXGroup section */
		76638C1A29C2F9C9002AA82C = {
			isa = PBXGroup;
			children = (
				76638C2529C2F9C9002AA82C /* Ecommerce App */,
				76638C2429C2F9C9002AA82C /* Products */,
			);
			sourceTree = "<group>";
		};
		76638C2429C2F9C9002AA82C /* Products */ = {
			isa = PBXGroup;
			children = (
				76638C2329C2F9C9002AA82C /* Ecommerce App.app */,
			);
			name = Products;
			sourceTree = "<group>";
		};
		76638C2529C2F9C9002AA82C /* Ecommerce App */ = {
			isa = PBXGroup;
			children = (
				76638C5F29C31C94002AA82C /* Ecommerce-App-Info.plist */,
				76638C3829C301DA002AA82C /* Font */,
				76638C3729C2FCE9002AA82C /* Constant */,
				76638C3629C2FCD0002AA82C /* Network */,
				76638C3529C2FCC9002AA82C /* Model */,
				76638C3429C2FCC3002AA82C /* View */,
				76638C2629C2F9C9002AA82C /* Ecommerce_AppApp.swift */,
				76638C2829C2F9C9002AA82C /* ContentView.swift */,
				76638C2A29C2F9CB002AA82C /* Assets.xcassets */,
				76638C2C29C2F9CB002AA82C /* Preview Content */,
			);
			path = "Ecommerce App";
			sourceTree = "<group>";
		};
		76638C2C29C2F9CB002AA82C /* Preview Content */ = {
			isa = PBXGroup;
			children = (
				76638C2D29C2F9CB002AA82C /* Preview Assets.xcassets */,
			);
			path = "Preview Content";
			sourceTree = "<group>";
		};
		76638C3429C2FCC3002AA82C /* View */ = {
			isa = PBXGroup;
			children = (
				76638C6329C347A2002AA82C /* Profile */,
				76638C6229C34786002AA82C /* ItemView */,
				76638C6129C3477C002AA82C /* HomeScreen */,
				76638C6029C3476B002AA82C /* Login */,
			);
			path = View;
			sourceTree = "<group>";
		};
		76638C3529C2FCC9002AA82C /* Model */ = {
			isa = PBXGroup;
			children = (
			);
			path = Model;
			sourceTree = "<group>";
		};
		76638C3629C2FCD0002AA82C /* Network */ = {
			isa = PBXGroup;
			children = (
			);
			path = Network;
			sourceTree = "<group>";
		};
		76638C3729C2FCE9002AA82C /* Constant */ = {
			isa = PBXGroup;
			children = (
				76638C5D29C31395002AA82C /* Constant.swift */,
			);
			path = Constant;
			sourceTree = "<group>";
		};
		76638C3829C301DA002AA82C /* Font */ = {
			isa = PBXGroup;
			children = (
				76638C4429C301FE002AA82C /* Montserrat-Bold.ttf */,
				76638C4529C301FE002AA82C /* Montserrat-ExtraBold.ttf */,
				76638C4629C301FE002AA82C /* Montserrat-ExtraLight.ttf */,
				76638C3B29C301FD002AA82C /* Montserrat-Light.ttf */,
				76638C3A29C301FD002AA82C /* Montserrat-Medium.ttf */,
				76638C4029C301FE002AA82C /* Montserrat-Regular.ttf */,
				76638C4729C301FE002AA82C /* Montserrat-SemiBold.ttf */,
			);
			path = Font;
			sourceTree = "<group>";
		};
		76638C6029C3476B002AA82C /* Login */ = {
			isa = PBXGroup;
			children = (
				76638C6529C347CC002AA82C /* Register */,
				76638C6429C347BD002AA82C /* Login */,
			);
			path = Login;
			sourceTree = "<group>";
		};
		76638C6129C3477C002AA82C /* HomeScreen */ = {
			isa = PBXGroup;
			children = (
			);
			path = HomeScreen;
			sourceTree = "<group>";
		};
		76638C6229C34786002AA82C /* ItemView */ = {
			isa = PBXGroup;
			children = (
			);
			path = ItemView;
			sourceTree = "<group>";
		};
		76638C6329C347A2002AA82C /* Profile */ = {
			isa = PBXGroup;
			children = (
			);
			path = Profile;
			sourceTree = "<group>";
		};
		76638C6429C347BD002AA82C /* Login */ = {
			isa = PBXGroup;
			children = (
				76638C6629C34862002AA82C /* LoginButtonView.swift */,
				76638C6C29C34DBF002AA82C /* LoginView.swift */,
				76638C6829C34B72002AA82C /* PasswordLoginView.swift */,
				76638C6A29C34D36002AA82C /* UsernameLoginView.swift */,
			);
			path = Login;
			sourceTree = "<group>";
		};
		76638C6529C347CC002AA82C /* Register */ = {
			isa = PBXGroup;
			children = (
				76638C6E29C35275002AA82C /* UsernameRegister.swift */,
				76638C7029C3537D002AA82C /* EmailRegister.swift */,
				769E98F029C3574800A6DA4C /* RegisterView.swift */,
			);
			path = Register;
			sourceTree = "<group>";
		};
/* End PBXGroup section */

/* Begin PBXNativeTarget section */
		76638C2229C2F9C9002AA82C /* Ecommerce App */ = {
			isa = PBXNativeTarget;
			buildConfigurationList = 76638C3129C2F9CB002AA82C /* Build configuration list for PBXNativeTarget "Ecommerce App" */;
			buildPhases = (
				76638C1F29C2F9C9002AA82C /* Sources */,
				76638C2029C2F9C9002AA82C /* Frameworks */,
				76638C2129C2F9C9002AA82C /* Resources */,
			);
			buildRules = (
			);
			dependencies = (
			);
			name = "Ecommerce App";
			productName = "Ecommerce App";
			productReference = 76638C2329C2F9C9002AA82C /* Ecommerce App.app */;
			productType = "com.apple.product-type.application";
		};
/* End PBXNativeTarget section */

/* Begin PBXProject section */
		76638C1B29C2F9C9002AA82C /* Project object */ = {
			isa = PBXProject;
			attributes = {
				BuildIndependentTargetsInParallel = 1;
				LastSwiftUpdateCheck = 1420;
				LastUpgradeCheck = 1420;
				TargetAttributes = {
					76638C2229C2F9C9002AA82C = {
						CreatedOnToolsVersion = 14.2;
					};
				};
			};
			buildConfigurationList = 76638C1E29C2F9C9002AA82C /* Build configuration list for PBXProject "Ecommerce App" */;
			compatibilityVersion = "Xcode 14.0";
			developmentRegion = en;
			hasScannedForEncodings = 0;
			knownRegions = (
				en,
				Base,
			);
			mainGroup = 76638C1A29C2F9C9002AA82C;
			productRefGroup = 76638C2429C2F9C9002AA82C /* Products */;
			projectDirPath = "";
			projectRoot = "";
			targets = (
				76638C2229C2F9C9002AA82C /* Ecommerce App */,
			);
		};
/* End PBXProject section */

/* Begin PBXResourcesBuildPhase section */
		76638C2129C2F9C9002AA82C /* Resources */ = {
			isa = PBXResourcesBuildPhase;
			buildActionMask = 2147483647;
			files = (
				76638C5629C301FE002AA82C /* Montserrat-Bold.ttf in Resources */,
				76638C4D29C301FE002AA82C /* Montserrat-Light.ttf in Resources */,
				76638C2E29C2F9CB002AA82C /* Preview Assets.xcassets in Resources */,
				76638C2B29C2F9CB002AA82C /* Assets.xcassets in Resources */,
				76638C5729C301FE002AA82C /* Montserrat-ExtraBold.ttf in Resources */,
				76638C4C29C301FE002AA82C /* Montserrat-Medium.ttf in Resources */,
				76638C5929C301FE002AA82C /* Montserrat-SemiBold.ttf in Resources */,
				76638C5829C301FE002AA82C /* Montserrat-ExtraLight.ttf in Resources */,
				76638C5229C301FE002AA82C /* Montserrat-Regular.ttf in Resources */,
			);
			runOnlyForDeploymentPostprocessing = 0;
		};
/* End PBXResourcesBuildPhase section */

/* Begin PBXSourcesBuildPhase section */
		76638C1F29C2F9C9002AA82C /* Sources */ = {
			isa = PBXSourcesBuildPhase;
			buildActionMask = 2147483647;
			files = (
				76638C6B29C34D36002AA82C /* UsernameLoginView.swift in Sources */,
				769E98F129C3574800A6DA4C /* RegisterView.swift in Sources */,
				76638C6D29C34DBF002AA82C /* LoginView.swift in Sources */,
				76638C6729C34862002AA82C /* LoginButtonView.swift in Sources */,
				76638C2929C2F9C9002AA82C /* ContentView.swift in Sources */,
				76638C2729C2F9C9002AA82C /* Ecommerce_AppApp.swift in Sources */,
				76638C5E29C31395002AA82C /* Constant.swift in Sources */,
				76638C6F29C35275002AA82C /* UsernameRegister.swift in Sources */,
				76638C7129C3537D002AA82C /* EmailRegister.swift in Sources */,
				76638C6929C34B72002AA82C /* PasswordLoginView.swift in Sources */,
			);
			runOnlyForDeploymentPostprocessing = 0;
		};
/* End PBXSourcesBuildPhase section */

/* Begin XCBuildConfiguration section */
		76638C2F29C2F9CB002AA82C /* Debug */ = {
			isa = XCBuildConfiguration;
			buildSettings = {
				ALWAYS_SEARCH_USER_PATHS = NO;
				CLANG_ANALYZER_NONNULL = YES;
				CLANG_ANALYZER_NUMBER_OBJECT_CONVERSION = YES_AGGRESSIVE;
				CLANG_CXX_LANGUAGE_STANDARD = "gnu++20";
				CLANG_ENABLE_MODULES = YES;
				CLANG_ENABLE_OBJC_ARC = YES;
				CLANG_ENABLE_OBJC_WEAK = YES;
				CLANG_WARN_BLOCK_CAPTURE_AUTORELEASING = YES;
				CLANG_WARN_BOOL_CONVERSION = YES;
				CLANG_WARN_COMMA = YES;
				CLANG_WARN_CONSTANT_CONVERSION = YES;
				CLANG_WARN_DEPRECATED_OBJC_IMPLEMENTATIONS = YES;
				CLANG_WARN_DIRECT_OBJC_ISA_USAGE = YES_ERROR;
				CLANG_WARN_DOCUMENTATION_COMMENTS = YES;
				CLANG_WARN_EMPTY_BODY = YES;
				CLANG_WARN_ENUM_CONVERSION = YES;
				CLANG_WARN_INFINITE_RECURSION = YES;
				CLANG_WARN_INT_CONVERSION = YES;
				CLANG_WARN_NON_LITERAL_NULL_CONVERSION = YES;
				CLANG_WARN_OBJC_IMPLICIT_RETAIN_SELF = YES;
				CLANG_WARN_OBJC_LITERAL_CONVERSION = YES;
				CLANG_WARN_OBJC_ROOT_CLASS = YES_ERROR;
				CLANG_WARN_QUOTED_INCLUDE_IN_FRAMEWORK_HEADER = YES;
				CLANG_WARN_RANGE_LOOP_ANALYSIS = YES;
				CLANG_WARN_STRICT_PROTOTYPES = YES;
				CLANG_WARN_SUSPICIOUS_MOVE = YES;
				CLANG_WARN_UNGUARDED_AVAILABILITY = YES_AGGRESSIVE;
				CLANG_WARN_UNREACHABLE_CODE = YES;
				CLANG_WARN__DUPLICATE_METHOD_MATCH = YES;
				COPY_PHASE_STRIP = NO;
				DEBUG_INFORMATION_FORMAT = dwarf;
				ENABLE_STRICT_OBJC_MSGSEND = YES;
				ENABLE_TESTABILITY = YES;
				GCC_C_LANGUAGE_STANDARD = gnu11;
				GCC_DYNAMIC_NO_PIC = NO;
				GCC_NO_COMMON_BLOCKS = YES;
				GCC_OPTIMIZATION_LEVEL = 0;
				GCC_PREPROCESSOR_DEFINITIONS = (
					"DEBUG=1",
					"$(inherited)",
				);
				GCC_WARN_64_TO_32_BIT_CONVERSION = YES;
				GCC_WARN_ABOUT_RETURN_TYPE = YES_ERROR;
				GCC_WARN_UNDECLARED_SELECTOR = YES;
				GCC_WARN_UNINITIALIZED_AUTOS = YES_AGGRESSIVE;
				GCC_WARN_UNUSED_FUNCTION = YES;
				GCC_WARN_UNUSED_VARIABLE = YES;
				IPHONEOS_DEPLOYMENT_TARGET = 16.2;
				MTL_ENABLE_DEBUG_INFO = INCLUDE_SOURCE;
				MTL_FAST_MATH = YES;
				ONLY_ACTIVE_ARCH = YES;
				SDKROOT = iphoneos;
				SWIFT_ACTIVE_COMPILATION_CONDITIONS = DEBUG;
				SWIFT_OPTIMIZATION_LEVEL = "-Onone";
			};
			name = Debug;
		};
		76638C3029C2F9CB002AA82C /* Release */ = {
			isa = XCBuildConfiguration;
			buildSettings = {
				ALWAYS_SEARCH_USER_PATHS = NO;
				CLANG_ANALYZER_NONNULL = YES;
				CLANG_ANALYZER_NUMBER_OBJECT_CONVERSION = YES_AGGRESSIVE;
				CLANG_CXX_LANGUAGE_STANDARD = "gnu++20";
				CLANG_ENABLE_MODULES = YES;
				CLANG_ENABLE_OBJC_ARC = YES;
				CLANG_ENABLE_OBJC_WEAK = YES;
				CLANG_WARN_BLOCK_CAPTURE_AUTORELEASING = YES;
				CLANG_WARN_BOOL_CONVERSION = YES;
				CLANG_WARN_COMMA = YES;
				CLANG_WARN_CONSTANT_CONVERSION = YES;
				CLANG_WARN_DEPRECATED_OBJC_IMPLEMENTATIONS = YES;
				CLANG_WARN_DIRECT_OBJC_ISA_USAGE = YES_ERROR;
				CLANG_WARN_DOCUMENTATION_COMMENTS = YES;
				CLANG_WARN_EMPTY_BODY = YES;
				CLANG_WARN_ENUM_CONVERSION = YES;
				CLANG_WARN_INFINITE_RECURSION = YES;
				CLANG_WARN_INT_CONVERSION = YES;
				CLANG_WARN_NON_LITERAL_NULL_CONVERSION = YES;
				CLANG_WARN_OBJC_IMPLICIT_RETAIN_SELF = YES;
				CLANG_WARN_OBJC_LITERAL_CONVERSION = YES;
				CLANG_WARN_OBJC_ROOT_CLASS = YES_ERROR;
				CLANG_WARN_QUOTED_INCLUDE_IN_FRAMEWORK_HEADER = YES;
				CLANG_WARN_RANGE_LOOP_ANALYSIS = YES;
				CLANG_WARN_STRICT_PROTOTYPES = YES;
				CLANG_WARN_SUSPICIOUS_MOVE = YES;
				CLANG_WARN_UNGUARDED_AVAILABILITY = YES_AGGRESSIVE;
				CLANG_WARN_UNREACHABLE_CODE = YES;
				CLANG_WARN__DUPLICATE_METHOD_MATCH = YES;
				COPY_PHASE_STRIP = NO;
				DEBUG_INFORMATION_FORMAT = "dwarf-with-dsym";
				ENABLE_NS_ASSERTIONS = NO;
				ENABLE_STRICT_OBJC_MSGSEND = YES;
				GCC_C_LANGUAGE_STANDARD = gnu11;
				GCC_NO_COMMON_BLOCKS = YES;
				GCC_WARN_64_TO_32_BIT_CONVERSION = YES;
				GCC_WARN_ABOUT_RETURN_TYPE = YES_ERROR;
				GCC_WARN_UNDECLARED_SELECTOR = YES;
				GCC_WARN_UNINITIALIZED_AUTOS = YES_AGGRESSIVE;
				GCC_WARN_UNUSED_FUNCTION = YES;
				GCC_WARN_UNUSED_VARIABLE = YES;
				IPHONEOS_DEPLOYMENT_TARGET = 16.2;
				MTL_ENABLE_DEBUG_INFO = NO;
				MTL_FAST_MATH = YES;
				SDKROOT = iphoneos;
				SWIFT_COMPILATION_MODE = wholemodule;
				SWIFT_OPTIMIZATION_LEVEL = "-O";
				VALIDATE_PRODUCT = YES;
			};
			name = Release;
		};
		76638C3229C2F9CB002AA82C /* Debug */ = {
			isa = XCBuildConfiguration;
			buildSettings = {
				ASSETCATALOG_COMPILER_APPICON_NAME = AppIcon;
				ASSETCATALOG_COMPILER_GLOBAL_ACCENT_COLOR_NAME = AccentColor;
				CODE_SIGN_STYLE = Automatic;
				CURRENT_PROJECT_VERSION = 1;
				DEVELOPMENT_ASSET_PATHS = "\"Ecommerce App/Preview Content\"";
				DEVELOPMENT_TEAM = 9S5AJR5C22;
				ENABLE_PREVIEWS = YES;
				GENERATE_INFOPLIST_FILE = YES;
				INFOPLIST_FILE = "Ecommerce-App-Info.plist";
				INFOPLIST_KEY_UIApplicationSceneManifest_Generation = YES;
				INFOPLIST_KEY_UIApplicationSupportsIndirectInputEvents = YES;
				INFOPLIST_KEY_UILaunchScreen_Generation = YES;
				INFOPLIST_KEY_UISupportedInterfaceOrientations_iPad = "UIInterfaceOrientationPortrait UIInterfaceOrientationPortraitUpsideDown UIInterfaceOrientationLandscapeLeft UIInterfaceOrientationLandscapeRight";
				INFOPLIST_KEY_UISupportedInterfaceOrientations_iPhone = "UIInterfaceOrientationPortrait UIInterfaceOrientationLandscapeLeft UIInterfaceOrientationLandscapeRight";
				LD_RUNPATH_SEARCH_PATHS = (
					"$(inherited)",
					"@executable_path/Frameworks",
				);
				MARKETING_VERSION = 1.0;
				PRODUCT_BUNDLE_IDENTIFIER = "rzamolotov.Ecommerce-App";
				PRODUCT_NAME = "$(TARGET_NAME)";
				SWIFT_EMIT_LOC_STRINGS = YES;
				SWIFT_VERSION = 5.0;
				TARGETED_DEVICE_FAMILY = "1,2";
			};
			name = Debug;
		};
		76638C3329C2F9CB002AA82C /* Release */ = {
			isa = XCBuildConfiguration;
			buildSettings = {
				ASSETCATALOG_COMPILER_APPICON_NAME = AppIcon;
				ASSETCATALOG_COMPILER_GLOBAL_ACCENT_COLOR_NAME = AccentColor;
				CODE_SIGN_STYLE = Automatic;
				CURRENT_PROJECT_VERSION = 1;
				DEVELOPMENT_ASSET_PATHS = "\"Ecommerce App/Preview Content\"";
				DEVELOPMENT_TEAM = 9S5AJR5C22;
				ENABLE_PREVIEWS = YES;
				GENERATE_INFOPLIST_FILE = YES;
				INFOPLIST_FILE = "Ecommerce-App-Info.plist";
				INFOPLIST_KEY_UIApplicationSceneManifest_Generation = YES;
				INFOPLIST_KEY_UIApplicationSupportsIndirectInputEvents = YES;
				INFOPLIST_KEY_UILaunchScreen_Generation = YES;
				INFOPLIST_KEY_UISupportedInterfaceOrientations_iPad = "UIInterfaceOrientationPortrait UIInterfaceOrientationPortraitUpsideDown UIInterfaceOrientationLandscapeLeft UIInterfaceOrientationLandscapeRight";
				INFOPLIST_KEY_UISupportedInterfaceOrientations_iPhone = "UIInterfaceOrientationPortrait UIInterfaceOrientationLandscapeLeft UIInterfaceOrientationLandscapeRight";
				LD_RUNPATH_SEARCH_PATHS = (
					"$(inherited)",
					"@executable_path/Frameworks",
				);
				MARKETING_VERSION = 1.0;
				PRODUCT_BUNDLE_IDENTIFIER = "rzamolotov.Ecommerce-App";
				PRODUCT_NAME = "$(TARGET_NAME)";
				SWIFT_EMIT_LOC_STRINGS = YES;
				SWIFT_VERSION = 5.0;
				TARGETED_DEVICE_FAMILY = "1,2";
			};
			name = Release;
		};
/* End XCBuildConfiguration section */

/* Begin XCConfigurationList section */
		76638C1E29C2F9C9002AA82C /* Build configuration list for PBXProject "Ecommerce App" */ = {
			isa = XCConfigurationList;
			buildConfigurations = (
				76638C2F29C2F9CB002AA82C /* Debug */,
				76638C3029C2F9CB002AA82C /* Release */,
			);
			defaultConfigurationIsVisible = 0;
			defaultConfigurationName = Release;
		};
		76638C3129C2F9CB002AA82C /* Build configuration list for PBXNativeTarget "Ecommerce App" */ = {
			isa = XCConfigurationList;
			buildConfigurations = (
				76638C3229C2F9CB002AA82C /* Debug */,
				76638C3329C2F9CB002AA82C /* Release */,
			);
			defaultConfigurationIsVisible = 0;
			defaultConfigurationName = Release;
		};
/* End XCConfigurationList section */
	};
	rootObject = 76638C1B29C2F9C9002AA82C /* Project object */;
}
